
Microsoft Visual Studio Solution File, Format Version 12.00
# Visual Studio Version 16
VisualStudioVersion = 16.0.30330.147
MinimumVisualStudioVersion = 10.0.40219.1
Project("{9A19103F-16F7-4668-BE54-9A1E7A4F7556}") = "OnSale.Common", "OnSale.Common\OnSale.Common.csproj", "{CF5D2424-B5AF-4CA7-B2B1-CB3F01EC10D3}"
EndProject
Project("{9A19103F-16F7-4668-BE54-9A1E7A4F7556}") = "OnSale.Web", "OnSale.Web\OnSale.Web.csproj", "{67066DAF-B6C5-4BD3-B8AB-9FEC8A7F0098}"
EndProject
Project("{FAE04EC0-301F-11D3-BF4B-00C04F79EFBC}") = "OnSale.Prism", "OnSale.Prism\OnSale.Prism\OnSale.Prism.csproj", "{49B9E8C1-1B45-4E6A-A922-079F73A4F189}"
EndProject
Project("{FAE04EC0-301F-11D3-BF4B-00C04F79EFBC}") = "OnSale.Prism.Android", "OnSale.Prism\OnSale.Prism.Android\OnSale.Prism.Android.csproj", "{455BC77C-D758-45E7-9D8B-8B336FFA23CC}"
EndProject
Project("{FAE04EC0-301F-11D3-BF4B-00C04F79EFBC}") = "OnSale.Prism.iOS", "OnSale.Prism\OnSale.Prism.iOS\OnSale.Prism.iOS.csproj", "{4F9EE839-F399-4878-ACCB-CDED3B6A917B}"
EndProject
Global
	GlobalSection(SolutionConfigurationPlatforms) = preSolution
		Ad-Hoc|Any CPU = Ad-Hoc|Any CPU
		Ad-Hoc|ARM = Ad-Hoc|ARM
		Ad-Hoc|iPhone = Ad-Hoc|iPhone
		Ad-Hoc|iPhoneSimulator = Ad-Hoc|iPhoneSimulator
		Ad-Hoc|x64 = Ad-Hoc|x64
		Ad-Hoc|x86 = Ad-Hoc|x86
		AppStore|Any CPU = AppStore|Any CPU
		AppStore|ARM = AppStore|ARM
		AppStore|iPhone = AppStore|iPhone
		AppStore|iPhoneSimulator = AppStore|iPhoneSimulator
		AppStore|x64 = AppStore|x64
		AppStore|x86 = AppStore|x86
		Debug|Any CPU = Debug|Any CPU
		Debug|ARM = Debug|ARM
		Debug|iPhone = Debug|iPhone
		Debug|iPhoneSimulator = Debug|iPhoneSimulator
		Debug|x64 = Debug|x64
		Debug|x86 = Debug|x86
		Release|Any CPU = Release|Any CPU
		Release|ARM = Release|ARM
		Release|iPhone = Release|iPhone
		Release|iPhoneSimulator = Release|iPhoneSimulator
		Release|x64 = Release|x64
		Release|x86 = Release|x86
	EndGlobalSection
	GlobalSection(ProjectConfigurationPlatforms) = postSolution
		{CF5D2424-B5AF-4CA7-B2B1-CB3F01EC10D3}.Ad-Hoc|Any CPU.ActiveCfg = Release|Any CPU
		{CF5D2424-B5AF-4CA7-B2B1-CB3F01EC10D3}.Ad-Hoc|Any CPU.Build.0 = Release|Any CPU
		{CF5D2424-B5AF-4CA7-B2B1-CB3F01EC10D3}.Ad-Hoc|ARM.ActiveCfg = Release|Any CPU
		{CF5D2424-B5AF-4CA7-B2B1-CB3F01EC10D3}.Ad-Hoc|ARM.Build.0 = Release|Any CPU
		{CF5D2424-B5AF-4CA7-B2B1-CB3F01EC10D3}.Ad-Hoc|iPhone.ActiveCfg = Release|Any CPU
		{CF5D2424-B5AF-4CA7-B2B1-CB3F01EC10D3}.Ad-Hoc|iPhone.Build.0 = Release|Any CPU
		{CF5D2424-B5AF-4CA7-B2B1-CB3F01EC10D3}.Ad-Hoc|iPhoneSimulator.ActiveCfg = Release|Any CPU
		{CF5D2424-B5AF-4CA7-B2B1-CB3F01EC10D3}.Ad-Hoc|iPhoneSimulator.Build.0 = Release|Any CPU
		{CF5D2424-B5AF-4CA7-B2B1-CB3F01EC10D3}.Ad-Hoc|x64.ActiveCfg = Release|Any CPU
		{CF5D2424-B5AF-4CA7-B2B1-CB3F01EC10D3}.Ad-Hoc|x64.Build.0 = Release|Any CPU
		{CF5D2424-B5AF-4CA7-B2B1-CB3F01EC10D3}.Ad-Hoc|x86.ActiveCfg = Release|Any CPU
		{CF5D2424-B5AF-4CA7-B2B1-CB3F01EC10D3}.Ad-Hoc|x86.Build.0 = Release|Any CPU
		{CF5D2424-B5AF-4CA7-B2B1-CB3F01EC10D3}.AppStore|Any CPU.ActiveCfg = Release|Any CPU
		{CF5D2424-B5AF-4CA7-B2B1-CB3F01EC10D3}.AppStore|Any CPU.Build.0 = Release|Any CPU
		{CF5D2424-B5AF-4CA7-B2B1-CB3F01EC10D3}.AppStore|ARM.ActiveCfg = Release|Any CPU
		{CF5D2424-B5AF-4CA7-B2B1-CB3F01EC10D3}.AppStore|ARM.Build.0 = Release|Any CPU
		{CF5D2424-B5AF-4CA7-B2B1-CB3F01EC10D3}.AppStore|iPhone.ActiveCfg = Release|Any CPU
		{CF5D2424-B5AF-4CA7-B2B1-CB3F01EC10D3}.AppStore|iPhone.Build.0 = Release|Any CPU
		{CF5D2424-B5AF-4CA7-B2B1-CB3F01EC10D3}.AppStore|iPhoneSimulator.ActiveCfg = Release|Any CPU
		{CF5D2424-B5AF-4CA7-B2B1-CB3F01EC10D3}.AppStore|iPhoneSimulator.Build.0 = Release|Any CPU
		{CF5D2424-B5AF-4CA7-B2B1-CB3F01EC10D3}.AppStore|x64.ActiveCfg = Release|Any CPU
		{CF5D2424-B5AF-4CA7-B2B1-CB3F01EC10D3}.AppStore|x64.Build.0 = Release|Any CPU
		{CF5D2424-B5AF-4CA7-B2B1-CB3F01EC10D3}.AppStore|x86.ActiveCfg = Release|Any CPU
		{CF5D2424-B5AF-4CA7-B2B1-CB3F01EC10D3}.AppStore|x86.Build.0 = Release|Any CPU
		{CF5D2424-B5AF-4CA7-B2B1-CB3F01EC10D3}.Debug|Any CPU.ActiveCfg = Debug|Any CPU
		{CF5D2424-B5AF-4CA7-B2B1-CB3F01EC10D3}.Debug|Any CPU.Build.0 = Debug|Any CPU
		{CF5D2424-B5AF-4CA7-B2B1-CB3F01EC10D3}.Debug|ARM.ActiveCfg = Debug|Any CPU
		{CF5D2424-B5AF-4CA7-B2B1-CB3F01EC10D3}.Debug|ARM.Build.0 = Debug|Any CPU
		{CF5D2424-B5AF-4CA7-B2B1-CB3F01EC10D3}.Debug|iPhone.ActiveCfg = Debug|Any CPU
		{CF5D2424-B5AF-4CA7-B2B1-CB3F01EC10D3}.Debug|iPhone.Build.0 = Debug|Any CPU
		{CF5D2424-B5AF-4CA7-B2B1-CB3F01EC10D3}.Debug|iPhoneSimulator.ActiveCfg = Debug|Any CPU
		{CF5D2424-B5AF-4CA7-B2B1-CB3F01EC10D3}.Debug|iPhoneSimulator.Build.0 = Debug|Any CPU
		{CF5D2424-B5AF-4CA7-B2B1-CB3F01EC10D3}.Debug|x64.ActiveCfg = Debug|Any CPU
		{CF5D2424-B5AF-4CA7-B2B1-CB3F01EC10D3}.Debug|x64.Build.0 = Debug|Any CPU
		{CF5D2424-B5AF-4CA7-B2B1-CB3F01EC10D3}.Debug|x86.ActiveCfg = Debug|Any CPU
		{CF5D2424-B5AF-4CA7-B2B1-CB3F01EC10D3}.Debug|x86.Build.0 = Debug|Any CPU
		{CF5D2424-B5AF-4CA7-B2B1-CB3F01EC10D3}.Release|Any CPU.ActiveCfg = Release|Any CPU
		{CF5D2424-B5AF-4CA7-B2B1-CB3F01EC10D3}.Release|Any CPU.Build.0 = Release|Any CPU
		{CF5D2424-B5AF-4CA7-B2B1-CB3F01EC10D3}.Release|ARM.ActiveCfg = Release|Any CPU
		{CF5D2424-B5AF-4CA7-B2B1-CB3F01EC10D3}.Release|ARM.Build.0 = Release|Any CPU
		{CF5D2424-B5AF-4CA7-B2B1-CB3F01EC10D3}.Release|iPhone.ActiveCfg = Release|Any CPU
		{CF5D2424-B5AF-4CA7-B2B1-CB3F01EC10D3}.Release|iPhone.Build.0 = Release|Any CPU
		{CF5D2424-B5AF-4CA7-B2B1-CB3F01EC10D3}.Release|iPhoneSimulator.ActiveCfg = Release|Any CPU
		{CF5D2424-B5AF-4CA7-B2B1-CB3F01EC10D3}.Release|iPhoneSimulator.Build.0 = Release|Any CPU
		{CF5D2424-B5AF-4CA7-B2B1-CB3F01EC10D3}.Release|x64.ActiveCfg = Release|Any CPU
		{CF5D2424-B5AF-4CA7-B2B1-CB3F01EC10D3}.Release|x64.Build.0 = Release|Any CPU
		{CF5D2424-B5AF-4CA7-B2B1-CB3F01EC10D3}.Release|x86.ActiveCfg = Release|Any CPU
		{CF5D2424-B5AF-4CA7-B2B1-CB3F01EC10D3}.Release|x86.Build.0 = Release|Any CPU
		{67066DAF-B6C5-4BD3-B8AB-9FEC8A7F0098}.Ad-Hoc|Any CPU.ActiveCfg = Release|Any CPU
		{67066DAF-B6C5-4BD3-B8AB-9FEC8A7F0098}.Ad-Hoc|Any CPU.Build.0 = Release|Any CPU
		{67066DAF-B6C5-4BD3-B8AB-9FEC8A7F0098}.Ad-Hoc|ARM.ActiveCfg = Release|Any CPU
		{67066DAF-B6C5-4BD3-B8AB-9FEC8A7F0098}.Ad-Hoc|ARM.Build.0 = Release|Any CPU
		{67066DAF-B6C5-4BD3-B8AB-9FEC8A7F0098}.Ad-Hoc|iPhone.ActiveCfg = Release|Any CPU
		{67066DAF-B6C5-4BD3-B8AB-9FEC8A7F0098}.Ad-Hoc|iPhone.Build.0 = Release|Any CPU
		{67066DAF-B6C5-4BD3-B8AB-9FEC8A7F0098}.Ad-Hoc|iPhoneSimulator.ActiveCfg = Release|Any CPU
		{67066DAF-B6C5-4BD3-B8AB-9FEC8A7F0098}.Ad-Hoc|iPhoneSimulator.Build.0 = Release|Any CPU
		{67066DAF-B6C5-4BD3-B8AB-9FEC8A7F0098}.Ad-Hoc|x64.ActiveCfg = Release|Any CPU
		{67066DAF-B6C5-4BD3-B8AB-9FEC8A7F0098}.Ad-Hoc|x64.Build.0 = Release|Any CPU
		{67066DAF-B6C5-4BD3-B8AB-9FEC8A7F0098}.Ad-Hoc|x86.ActiveCfg = Release|Any CPU
		{67066DAF-B6C5-4BD3-B8AB-9FEC8A7F0098}.Ad-Hoc|x86.Build.0 = Release|Any CPU
		{67066DAF-B6C5-4BD3-B8AB-9FEC8A7F0098}.AppStore|Any CPU.ActiveCfg = Release|Any CPU
		{67066DAF-B6C5-4BD3-B8AB-9FEC8A7F0098}.AppStore|Any CPU.Build.0 = Release|Any CPU
		{67066DAF-B6C5-4BD3-B8AB-9FEC8A7F0098}.AppStore|ARM.ActiveCfg = Release|Any CPU
		{67066DAF-B6C5-4BD3-B8AB-9FEC8A7F0098}.AppStore|ARM.Build.0 = Release|Any CPU
		{67066DAF-B6C5-4BD3-B8AB-9FEC8A7F0098}.AppStore|iPhone.ActiveCfg = Release|Any CPU
		{67066DAF-B6C5-4BD3-B8AB-9FEC8A7F0098}.AppStore|iPhone.Build.0 = Release|Any CPU
		{67066DAF-B6C5-4BD3-B8AB-9FEC8A7F0098}.AppStore|iPhoneSimulator.ActiveCfg = Release|Any CPU
		{67066DAF-B6C5-4BD3-B8AB-9FEC8A7F0098}.AppStore|iPhoneSimulator.Build.0 = Release|Any CPU
		{67066DAF-B6C5-4BD3-B8AB-9FEC8A7F0098}.AppStore|x64.ActiveCfg = Release|Any CPU
		{67066DAF-B6C5-4BD3-B8AB-9FEC8A7F0098}.AppStore|x64.Build.0 = Release|Any CPU
		{67066DAF-B6C5-4BD3-B8AB-9FEC8A7F0098}.AppStore|x86.ActiveCfg = Release|Any CPU
		{67066DAF-B6C5-4BD3-B8AB-9FEC8A7F0098}.AppStore|x86.Build.0 = Release|Any CPU
		{67066DAF-B6C5-4BD3-B8AB-9FEC8A7F0098}.Debug|Any CPU.ActiveCfg = Debug|Any CPU
		{67066DAF-B6C5-4BD3-B8AB-9FEC8A7F0098}.Debug|Any CPU.Build.0 = Debug|Any CPU
		{67066DAF-B6C5-4BD3-B8AB-9FEC8A7F0098}.Debug|ARM.ActiveCfg = Debug|Any CPU
		{67066DAF-B6C5-4BD3-B8AB-9FEC8A7F0098}.Debug|ARM.Build.0 = Debug|Any CPU
		{67066DAF-B6C5-4BD3-B8AB-9FEC8A7F0098}.Debug|iPhone.ActiveCfg = Debug|Any CPU
		{67066DAF-B6C5-4BD3-B8AB-9FEC8A7F0098}.Debug|iPhone.Build.0 = Debug|Any CPU
		{67066DAF-B6C5-4BD3-B8AB-9FEC8A7F0098}.Debug|iPhoneSimulator.ActiveCfg = Debug|Any CPU
		{67066DAF-B6C5-4BD3-B8AB-9FEC8A7F0098}.Debug|iPhoneSimulator.Build.0 = Debug|Any CPU
		{67066DAF-B6C5-4BD3-B8AB-9FEC8A7F0098}.Debug|x64.ActiveCfg = Debug|Any CPU
		{67066DAF-B6C5-4BD3-B8AB-9FEC8A7F0098}.Debug|x64.Build.0 = Debug|Any CPU
		{67066DAF-B6C5-4BD3-B8AB-9FEC8A7F0098}.Debug|x86.ActiveCfg = Debug|Any CPU
		{67066DAF-B6C5-4BD3-B8AB-9FEC8A7F0098}.Debug|x86.Build.0 = Debug|Any CPU
		{67066DAF-B6C5-4BD3-B8AB-9FEC8A7F0098}.Release|Any CPU.ActiveCfg = Release|Any CPU
		{67066DAF-B6C5-4BD3-B8AB-9FEC8A7F0098}.Release|Any CPU.Build.0 = Release|Any CPU
		{67066DAF-B6C5-4BD3-B8AB-9FEC8A7F0098}.Release|ARM.ActiveCfg = Release|Any CPU
		{67066DAF-B6C5-4BD3-B8AB-9FEC8A7F0098}.Release|ARM.Build.0 = Release|Any CPU
		{67066DAF-B6C5-4BD3-B8AB-9FEC8A7F0098}.Release|iPhone.ActiveCfg = Release|Any CPU
		{67066DAF-B6C5-4BD3-B8AB-9FEC8A7F0098}.Release|iPhone.Build.0 = Release|Any CPU
		{67066DAF-B6C5-4BD3-B8AB-9FEC8A7F0098}.Release|iPhoneSimulator.ActiveCfg = Release|Any CPU
		{67066DAF-B6C5-4BD3-B8AB-9FEC8A7F0098}.Release|iPhoneSimulator.Build.0 = Release|Any CPU
		{67066DAF-B6C5-4BD3-B8AB-9FEC8A7F0098}.Release|x64.ActiveCfg = Release|Any CPU
		{67066DAF-B6C5-4BD3-B8AB-9FEC8A7F0098}.Release|x64.Build.0 = Release|Any CPU
		{67066DAF-B6C5-4BD3-B8AB-9FEC8A7F0098}.Release|x86.ActiveCfg = Release|Any CPU
		{67066DAF-B6C5-4BD3-B8AB-9FEC8A7F0098}.Release|x86.Build.0 = Release|Any CPU
		{49B9E8C1-1B45-4E6A-A922-079F73A4F189}.Ad-Hoc|Any CPU.ActiveCfg = Debug|Any CPU
		{49B9E8C1-1B45-4E6A-A922-079F73A4F189}.Ad-Hoc|Any CPU.Build.0 = Debug|Any CPU
		{49B9E8C1-1B45-4E6A-A922-079F73A4F189}.Ad-Hoc|ARM.ActiveCfg = Debug|Any CPU
		{49B9E8C1-1B45-4E6A-A922-079F73A4F189}.Ad-Hoc|ARM.Build.0 = Debug|Any CPU
		{49B9E8C1-1B45-4E6A-A922-079F73A4F189}.Ad-Hoc|iPhone.ActiveCfg = Debug|Any CPU
		{49B9E8C1-1B45-4E6A-A922-079F73A4F189}.Ad-Hoc|iPhone.Build.0 = Debug|Any CPU
		{49B9E8C1-1B45-4E6A-A922-079F73A4F189}.Ad-Hoc|iPhoneSimulator.ActiveCfg = Debug|Any CPU
		{49B9E8C1-1B45-4E6A-A922-079F73A4F189}.Ad-Hoc|iPhoneSimulator.Build.0 = Debug|Any CPU
		{49B9E8C1-1B45-4E6A-A922-079F73A4F189}.Ad-Hoc|x64.ActiveCfg = Debug|Any CPU
		{49B9E8C1-1B45-4E6A-A922-079F73A4F189}.Ad-Hoc|x64.Build.0 = Debug|Any CPU
		{49B9E8C1-1B45-4E6A-A922-079F73A4F189}.Ad-Hoc|x86.ActiveCfg = Debug|Any CPU
		{49B9E8C1-1B45-4E6A-A922-079F73A4F189}.Ad-Hoc|x86.Build.0 = Debug|Any CPU
		{49B9E8C1-1B45-4E6A-A922-079F73A4F189}.AppStore|Any CPU.ActiveCfg = Debug|Any CPU
		{49B9E8C1-1B45-4E6A-A922-079F73A4F189}.AppStore|Any CPU.Build.0 = Debug|Any CPU
		{49B9E8C1-1B45-4E6A-A922-079F73A4F189}.AppStore|ARM.ActiveCfg = Debug|Any CPU
		{49B9E8C1-1B45-4E6A-A922-079F73A4F189}.AppStore|ARM.Build.0 = Debug|Any CPU
		{49B9E8C1-1B45-4E6A-A922-079F73A4F189}.AppStore|iPhone.ActiveCfg = Debug|Any CPU
		{49B9E8C1-1B45-4E6A-A922-079F73A4F189}.AppStore|iPhone.Build.0 = Debug|Any CPU
		{49B9E8C1-1B45-4E6A-A922-079F73A4F189}.AppStore|iPhoneSimulator.ActiveCfg = Debug|Any CPU
		{49B9E8C1-1B45-4E6A-A922-079F73A4F189}.AppStore|iPhoneSimulator.Build.0 = Debug|Any CPU
		{49B9E8C1-1B45-4E6A-A922-079F73A4F189}.AppStore|x64.ActiveCfg = Debug|Any CPU
		{49B9E8C1-1B45-4E6A-A922-079F73A4F189}.AppStore|x64.Build.0 = Debug|Any CPU
		{49B9E8C1-1B45-4E6A-A922-079F73A4F189}.AppStore|x86.ActiveCfg = Debug|Any CPU
		{49B9E8C1-1B45-4E6A-A922-079F73A4F189}.AppStore|x86.Build.0 = Debug|Any CPU
		{49B9E8C1-1B45-4E6A-A922-079F73A4F189}.Debug|Any CPU.ActiveCfg = Debug|Any CPU
		{49B9E8C1-1B45-4E6A-A922-079F73A4F189}.Debug|Any CPU.Build.0 = Debug|Any CPU
		{49B9E8C1-1B45-4E6A-A922-079F73A4F189}.Debug|ARM.ActiveCfg = Debug|Any CPU
		{49B9E8C1-1B45-4E6A-A922-079F73A4F189}.Debug|ARM.Build.0 = Debug|Any CPU
		{49B9E8C1-1B45-4E6A-A922-079F73A4F189}.Debug|iPhone.ActiveCfg = Debug|Any CPU
		{49B9E8C1-1B45-4E6A-A922-079F73A4F189}.Debug|iPhone.Build.0 = Debug|Any CPU
		{49B9E8C1-1B45-4E6A-A922-079F73A4F189}.Debug|iPhoneSimulator.ActiveCfg = Debug|Any CPU
		{49B9E8C1-1B45-4E6A-A922-079F73A4F189}.Debug|iPhoneSimulator.Build.0 = Debug|Any CPU
		{49B9E8C1-1B45-4E6A-A922-079F73A4F189}.Debug|x64.ActiveCfg = Debug|Any CPU
		{49B9E8C1-1B45-4E6A-A922-079F73A4F189}.Debug|x64.Build.0 = Debug|Any CPU
		{49B9E8C1-1B45-4E6A-A922-079F73A4F189}.Debug|x86.ActiveCfg = Debug|Any CPU
		{49B9E8C1-1B45-4E6A-A922-079F73A4F189}.Debug|x86.Build.0 = Debug|Any CPU
		{49B9E8C1-1B45-4E6A-A922-079F73A4F189}.Release|Any CPU.ActiveCfg = Release|Any CPU
		{49B9E8C1-1B45-4E6A-A922-079F73A4F189}.Release|Any CPU.Build.0 = Release|Any CPU
		{49B9E8C1-1B45-4E6A-A922-079F73A4F189}.Release|ARM.ActiveCfg = Release|Any CPU
		{49B9E8C1-1B45-4E6A-A922-079F73A4F189}.Release|ARM.Build.0 = Release|Any CPU
		{49B9E8C1-1B45-4E6A-A922-079F73A4F189}.Release|iPhone.ActiveCfg = Release|Any CPU
		{49B9E8C1-1B45-4E6A-A922-079F73A4F189}.Release|iPhone.Build.0 = Release|Any CPU
		{49B9E8C1-1B45-4E6A-A922-079F73A4F189}.Release|iPhoneSimulator.ActiveCfg = Release|Any CPU
		{49B9E8C1-1B45-4E6A-A922-079F73A4F189}.Release|iPhoneSimulator.Build.0 = Release|Any CPU
		{49B9E8C1-1B45-4E6A-A922-079F73A4F189}.Release|x64.ActiveCfg = Release|Any CPU
		{49B9E8C1-1B45-4E6A-A922-079F73A4F189}.Release|x64.Build.0 = Release|Any CPU
		{49B9E8C1-1B45-4E6A-A922-079F73A4F189}.Release|x86.ActiveCfg = Release|Any CPU
		{49B9E8C1-1B45-4E6A-A922-079F73A4F189}.Release|x86.Build.0 = Release|Any CPU
		{455BC77C-D758-45E7-9D8B-8B336FFA23CC}.Ad-Hoc|Any CPU.ActiveCfg = Release|Any CPU
		{455BC77C-D758-45E7-9D8B-8B336FFA23CC}.Ad-Hoc|Any CPU.Build.0 = Release|Any CPU
		{455BC77C-D758-45E7-9D8B-8B336FFA23CC}.Ad-Hoc|Any CPU.Deploy.0 = Release|Any CPU
		{455BC77C-D758-45E7-9D8B-8B336FFA23CC}.Ad-Hoc|ARM.ActiveCfg = Release|Any CPU
		{455BC77C-D758-45E7-9D8B-8B336FFA23CC}.Ad-Hoc|ARM.Build.0 = Release|Any CPU
		{455BC77C-D758-45E7-9D8B-8B336FFA23CC}.Ad-Hoc|ARM.Deploy.0 = Release|Any CPU
		{455BC77C-D758-45E7-9D8B-8B336FFA23CC}.Ad-Hoc|iPhone.ActiveCfg = Release|Any CPU
		{455BC77C-D758-45E7-9D8B-8B336FFA23CC}.Ad-Hoc|iPhone.Build.0 = Release|Any CPU
		{455BC77C-D758-45E7-9D8B-8B336FFA23CC}.Ad-Hoc|iPhone.Deploy.0 = Release|Any CPU
		{455BC77C-D758-45E7-9D8B-8B336FFA23CC}.Ad-Hoc|iPhoneSimulator.ActiveCfg = Release|Any CPU
		{455BC77C-D758-45E7-9D8B-8B336FFA23CC}.Ad-Hoc|iPhoneSimulator.Build.0 = Release|Any CPU
		{455BC77C-D758-45E7-9D8B-8B336FFA23CC}.Ad-Hoc|iPhoneSimulator.Deploy.0 = Release|Any CPU
		{455BC77C-D758-45E7-9D8B-8B336FFA23CC}.Ad-Hoc|x64.ActiveCfg = Release|Any CPU
		{455BC77C-D758-45E7-9D8B-8B336FFA23CC}.Ad-Hoc|x64.Build.0 = Release|Any CPU
		{455BC77C-D758-45E7-9D8B-8B336FFA23CC}.Ad-Hoc|x64.Deploy.0 = Release|Any CPU
		{455BC77C-D758-45E7-9D8B-8B336FFA23CC}.Ad-Hoc|x86.ActiveCfg = Release|Any CPU
		{455BC77C-D758-45E7-9D8B-8B336FFA23CC}.Ad-Hoc|x86.Build.0 = Release|Any CPU
		{455BC77C-D758-45E7-9D8B-8B336FFA23CC}.Ad-Hoc|x86.Deploy.0 = Release|Any CPU
		{455BC77C-D758-45E7-9D8B-8B336FFA23CC}.AppStore|Any CPU.ActiveCfg = Release|Any CPU
		{455BC77C-D758-45E7-9D8B-8B336FFA23CC}.AppStore|Any CPU.Build.0 = Release|Any CPU
		{455BC77C-D758-45E7-9D8B-8B336FFA23CC}.AppStore|Any CPU.Deploy.0 = Release|Any CPU
		{455BC77C-D758-45E7-9D8B-8B336FFA23CC}.AppStore|ARM.ActiveCfg = Release|Any CPU
		{455BC77C-D758-45E7-9D8B-8B336FFA23CC}.AppStore|ARM.Build.0 = Release|Any CPU
		{455BC77C-D758-45E7-9D8B-8B336FFA23CC}.AppStore|ARM.Deploy.0 = Release|Any CPU
		{455BC77C-D758-45E7-9D8B-8B336FFA23CC}.AppStore|iPhone.ActiveCfg = Release|Any CPU
		{455BC77C-D758-45E7-9D8B-8B336FFA23CC}.AppStore|iPhone.Build.0 = Release|Any CPU
		{455BC77C-D758-45E7-9D8B-8B336FFA23CC}.AppStore|iPhone.Deploy.0 = Release|Any CPU
		{455BC77C-D758-45E7-9D8B-8B336FFA23CC}.AppStore|iPhoneSimulator.ActiveCfg = Release|Any CPU
		{455BC77C-D758-45E7-9D8B-8B336FFA23CC}.AppStore|iPhoneSimulator.Build.0 = Release|Any CPU
		{455BC77C-D758-45E7-9D8B-8B336FFA23CC}.AppStore|iPhoneSimulator.Deploy.0 = Release|Any CPU
		{455BC77C-D758-45E7-9D8B-8B336FFA23CC}.AppStore|x64.ActiveCfg = Release|Any CPU
		{455BC77C-D758-45E7-9D8B-8B336FFA23CC}.AppStore|x64.Build.0 = Release|Any CPU
		{455BC77C-D758-45E7-9D8B-8B336FFA23CC}.AppStore|x64.Deploy.0 = Release|Any CPU
		{455BC77C-D758-45E7-9D8B-8B336FFA23CC}.AppStore|x86.ActiveCfg = Release|Any CPU
		{455BC77C-D758-45E7-9D8B-8B336FFA23CC}.AppStore|x86.Build.0 = Release|Any CPU
		{455BC77C-D758-45E7-9D8B-8B336FFA23CC}.AppStore|x86.Deploy.0 = Release|Any CPU
		{455BC77C-D758-45E7-9D8B-8B336FFA23CC}.Debug|Any CPU.ActiveCfg = Debug|Any CPU
		{455BC77C-D758-45E7-9D8B-8B336FFA23CC}.Debug|Any CPU.Build.0 = Debug|Any CPU
		{455BC77C-D758-45E7-9D8B-8B336FFA23CC}.Debug|Any CPU.Deploy.0 = Debug|Any CPU
		{455BC77C-D758-45E7-9D8B-8B336FFA23CC}.Debug|ARM.ActiveCfg = Debug|Any CPU
		{455BC77C-D758-45E7-9D8B-8B336FFA23CC}.Debug|ARM.Build.0 = Debug|Any CPU
		{455BC77C-D758-45E7-9D8B-8B336FFA23CC}.Debug|ARM.Deploy.0 = Debug|Any CPU
		{455BC77C-D758-45E7-9D8B-8B336FFA23CC}.Debug|iPhone.ActiveCfg = Debug|Any CPU
		{455BC77C-D758-45E7-9D8B-8B336FFA23CC}.Debug|iPhone.Build.0 = Debug|Any CPU
		{455BC77C-D758-45E7-9D8B-8B336FFA23CC}.Debug|iPhone.Deploy.0 = Debug|Any CPU
		{455BC77C-D758-45E7-9D8B-8B336FFA23CC}.Debug|iPhoneSimulator.ActiveCfg = Debug|Any CPU
		{455BC77C-D758-45E7-9D8B-8B336FFA23CC}.Debug|iPhoneSimulator.Build.0 = Debug|Any CPU
		{455BC77C-D758-45E7-9D8B-8B336FFA23CC}.Debug|iPhoneSimulator.Deploy.0 = Debug|Any CPU
		{455BC77C-D758-45E7-9D8B-8B336FFA23CC}.Debug|x64.ActiveCfg = Debug|Any CPU
		{455BC77C-D758-45E7-9D8B-8B336FFA23CC}.Debug|x64.Build.0 = Debug|Any CPU
		{455BC77C-D758-45E7-9D8B-8B336FFA23CC}.Debug|x64.Deploy.0 = Debug|Any CPU
		{455BC77C-D758-45E7-9D8B-8B336FFA23CC}.Debug|x86.ActiveCfg = Debug|Any CPU
		{455BC77C-D758-45E7-9D8B-8B336FFA23CC}.Debug|x86.Build.0 = Debug|Any CPU
		{455BC77C-D758-45E7-9D8B-8B336FFA23CC}.Debug|x86.Deploy.0 = Debug|Any CPU
		{455BC77C-D758-45E7-9D8B-8B336FFA23CC}.Release|Any CPU.ActiveCfg = Release|Any CPU
		{455BC77C-D758-45E7-9D8B-8B336FFA23CC}.Release|Any CPU.Build.0 = Release|Any CPU
		{455BC77C-D758-45E7-9D8B-8B336FFA23CC}.Release|Any CPU.Deploy.0 = Release|Any CPU
		{455BC77C-D758-45E7-9D8B-8B336FFA23CC}.Release|ARM.ActiveCfg = Release|Any CPU
		{455BC77C-D758-45E7-9D8B-8B336FFA23CC}.Release|ARM.Build.0 = Release|Any CPU
		{455BC77C-D758-45E7-9D8B-8B336FFA23CC}.Release|ARM.Deploy.0 = Release|Any CPU
		{455BC77C-D758-45E7-9D8B-8B336FFA23CC}.Release|iPhone.ActiveCfg = Release|Any CPU
		{455BC77C-D758-45E7-9D8B-8B336FFA23CC}.Release|iPhone.Build.0 = Release|Any CPU
		{455BC77C-D758-45E7-9D8B-8B336FFA23CC}.Release|iPhone.Deploy.0 = Release|Any CPU
		{455BC77C-D758-45E7-9D8B-8B336FFA23CC}.Release|iPhoneSimulator.ActiveCfg = Release|Any CPU
		{455BC77C-D758-45E7-9D8B-8B336FFA23CC}.Release|iPhoneSimulator.Build.0 = Release|Any CPU
		{455BC77C-D758-45E7-9D8B-8B336FFA23CC}.Release|iPhoneSimulator.Deploy.0 = Release|Any CPU
		{455BC77C-D758-45E7-9D8B-8B336FFA23CC}.Release|x64.ActiveCfg = Release|Any CPU
		{455BC77C-D758-45E7-9D8B-8B336FFA23CC}.Release|x64.Build.0 = Release|Any CPU
		{455BC77C-D758-45E7-9D8B-8B336FFA23CC}.Release|x64.Deploy.0 = Release|Any CPU
		{455BC77C-D758-45E7-9D8B-8B336FFA23CC}.Release|x86.ActiveCfg = Release|Any CPU
		{455BC77C-D758-45E7-9D8B-8B336FFA23CC}.Release|x86.Build.0 = Release|Any CPU
		{455BC77C-D758-45E7-9D8B-8B336FFA23CC}.Release|x86.Deploy.0 = Release|Any CPU
		{4F9EE839-F399-4878-ACCB-CDED3B6A917B}.Ad-Hoc|Any CPU.ActiveCfg = Ad-Hoc|iPhone
		{4F9EE839-F399-4878-ACCB-CDED3B6A917B}.Ad-Hoc|ARM.ActiveCfg = Ad-Hoc|iPhone
		{4F9EE839-F399-4878-ACCB-CDED3B6A917B}.Ad-Hoc|iPhone.ActiveCfg = Ad-Hoc|iPhone
		{4F9EE839-F399-4878-ACCB-CDED3B6A917B}.Ad-Hoc|iPhone.Build.0 = Ad-Hoc|iPhone
		{4F9EE839-F399-4878-ACCB-CDED3B6A917B}.Ad-Hoc|iPhoneSimulator.ActiveCfg = Ad-Hoc|iPhoneSimulator
		{4F9EE839-F399-4878-ACCB-CDED3B6A917B}.Ad-Hoc|iPhoneSimulator.Build.0 = Ad-Hoc|iPhoneSimulator
		{4F9EE839-F399-4878-ACCB-CDED3B6A917B}.Ad-Hoc|x64.ActiveCfg = Ad-Hoc|iPhone
		{4F9EE839-F399-4878-ACCB-CDED3B6A917B}.Ad-Hoc|x86.ActiveCfg = Ad-Hoc|iPhone
		{4F9EE839-F399-4878-ACCB-CDED3B6A917B}.AppStore|Any CPU.ActiveCfg = AppStore|iPhone
		{4F9EE839-F399-4878-ACCB-CDED3B6A917B}.AppStore|ARM.ActiveCfg = AppStore|iPhone
		{4F9EE839-F399-4878-ACCB-CDED3B6A917B}.AppStore|iPhone.ActiveCfg = AppStore|iPhone
		{4F9EE839-F399-4878-ACCB-CDED3B6A917B}.AppStore|iPhone.Build.0 = AppStore|iPhone
		{4F9EE839-F399-4878-ACCB-CDED3B6A917B}.AppStore|iPhoneSimulator.ActiveCfg = AppStore|iPhoneSimulator
		{4F9EE839-F399-4878-ACCB-CDED3B6A917B}.AppStore|iPhoneSimulator.Build.0 = AppStore|iPhoneSimulator
		{4F9EE839-F399-4878-ACCB-CDED3B6A917B}.AppStore|x64.ActiveCfg = AppStore|iPhone
		{4F9EE839-F399-4878-ACCB-CDED3B6A917B}.AppStore|x86.ActiveCfg = AppStore|iPhone
		{4F9EE839-F399-4878-ACCB-CDED3B6A917B}.Debug|Any CPU.ActiveCfg = Debug|iPhone
		{4F9EE839-F399-4878-ACCB-CDED3B6A917B}.Debug|ARM.ActiveCfg = Debug|iPhone
		{4F9EE839-F399-4878-ACCB-CDED3B6A917B}.Debug|iPhone.ActiveCfg = Debug|iPhone
		{4F9EE839-F399-4878-ACCB-CDED3B6A917B}.Debug|iPhone.Build.0 = Debug|iPhone
		{4F9EE839-F399-4878-ACCB-CDED3B6A917B}.Debug|iPhoneSimulator.ActiveCfg = Debug|iPhoneSimulator
		{4F9EE839-F399-4878-ACCB-CDED3B6A917B}.Debug|iPhoneSimulator.Build.0 = Debug|iPhoneSimulator
		{4F9EE839-F399-4878-ACCB-CDED3B6A917B}.Debug|x64.ActiveCfg = Debug|iPhone
		{4F9EE839-F399-4878-ACCB-CDED3B6A917B}.Debug|x86.ActiveCfg = Debug|iPhone
		{4F9EE839-F399-4878-ACCB-CDED3B6A917B}.Release|Any CPU.ActiveCfg = Release|iPhone
		{4F9EE839-F399-4878-ACCB-CDED3B6A917B}.Release|ARM.ActiveCfg = Release|iPhone
		{4F9EE839-F399-4878-ACCB-CDED3B6A917B}.Release|iPhone.ActiveCfg = Release|iPhone
		{4F9EE839-F399-4878-ACCB-CDED3B6A917B}.Release|iPhone.Build.0 = Release|iPhone
		{4F9EE839-F399-4878-ACCB-CDED3B6A917B}.Release|iPhoneSimulator.ActiveCfg = Release|iPhoneSimulator
		{4F9EE839-F399-4878-ACCB-CDED3B6A917B}.Release|iPhoneSimulator.Build.0 = Release|iPhoneSimulator
		{4F9EE839-F399-4878-ACCB-CDED3B6A917B}.Release|x64.ActiveCfg = Release|iPhone
		{4F9EE839-F399-4878-ACCB-CDED3B6A917B}.Release|x86.ActiveCfg = Release|iPhone
	EndGlobalSection
	GlobalSection(SolutionProperties) = preSolution
		HideSolutionNode = FALSE
	EndGlobalSection
	GlobalSection(ExtensibilityGlobals) = postSolution
		SolutionGuid = {D10DE136-8EC8-4F82-8AB8-EDEC044C4EFB}
	EndGlobalSection
EndGlobal
